
Microsoft Visual Studio Solution File, Format Version 12.00
# Visual Studio Version 17
VisualStudioVersion = 17.14.36511.14
MinimumVisualStudioVersion = 10.0.40219.1
Project("{2150E333-8FDC-42A3-9474-1A3956D46DE8}") = "doc", "doc", "{02EA681E-C7D8-13C7-8484-4AC65E1B71E8}"
EndProject
Project("{2150E333-8FDC-42A3-9474-1A3956D46DE8}") = "src", "src", "{B7F770CD-3E0B-44CF-98D4-70E9431E1BDD}"
EndProject
Project("{2150E333-8FDC-42A3-9474-1A3956D46DE8}") = "test", "test", "{287DBA59-7BBD-4FEB-B845-C7634C9D618A}"
EndProject
Project("{2150E333-8FDC-42A3-9474-1A3956D46DE8}") = "common", "common", "{82933EA5-28C4-40AC-BA31-96D9EB821AAC}"
EndProject
Project("{2150E333-8FDC-42A3-9474-1A3956D46DE8}") = "core", "core", "{3138780D-B8DD-4B82-B3C5-74CE47CFC7BE}"
EndProject
Project("{2150E333-8FDC-42A3-9474-1A3956D46DE8}") = "domain", "domain", "{F886BF32-8731-47D8-9416-4D6B4BFDA83C}"
EndProject
Project("{2150E333-8FDC-42A3-9474-1A3956D46DE8}") = "app", "app", "{D87AE5DC-D10C-47E9-9488-C9397A9F9BE2}"
EndProject
Project("{2150E333-8FDC-42A3-9474-1A3956D46DE8}") = "infra", "infra", "{A98235FB-41BC-4BE0-959F-BCE51CDEA395}"
EndProject
Project("{2150E333-8FDC-42A3-9474-1A3956D46DE8}") = "persis", "persis", "{8EB09761-0BC1-48FB-85F8-3A61E528F878}"
EndProject
Project("{2150E333-8FDC-42A3-9474-1A3956D46DE8}") = "present", "present", "{D306A94F-0DE9-4583-AC34-EBD35F43B5D2}"
EndProject
Project("{FAE04EC0-301F-11D3-BF4B-00C04F79EFBC}") = "common", "common\common.csproj", "{D0D627F3-8933-40AF-A03C-9173DDADEFF2}"
EndProject
Project("{FAE04EC0-301F-11D3-BF4B-00C04F79EFBC}") = "app", "app\app.csproj", "{E56207B7-501D-4FE8-9C6E-95AE2BEDCCB4}"
EndProject
Project("{FAE04EC0-301F-11D3-BF4B-00C04F79EFBC}") = "domain", "domain\domain.csproj", "{70093AC7-4F99-4984-81A1-7F16351C0A2C}"
EndProject
Project("{FAE04EC0-301F-11D3-BF4B-00C04F79EFBC}") = "infra", "infra\infra.csproj", "{7D456122-95B0-4962-8996-FB7DA4E27B4A}"
EndProject
Project("{FAE04EC0-301F-11D3-BF4B-00C04F79EFBC}") = "persis", "persis\persis.csproj", "{44572DF2-D2F7-4CA3-AD18-4DBF98C7D9BC}"
EndProject
Project("{FAE04EC0-301F-11D3-BF4B-00C04F79EFBC}") = "portal", "Warehousing\portal.csproj", "{B7AB47B5-C2AC-4D0D-B3B5-E9159AD58EFE}"
EndProject
Project("{2150E333-8FDC-42A3-9474-1A3956D46DE8}") = "context", "context", "{B9FCEFEF-AE99-45AD-A316-9C28B5CA210A}"
	ProjectSection(SolutionItems) = preProject
		DataBaseContext.cs = DataBaseContext.cs
	EndProjectSection
EndProject
Global
	GlobalSection(SolutionConfigurationPlatforms) = preSolution
		Debug|Any CPU = Debug|Any CPU
		Release|Any CPU = Release|Any CPU
	EndGlobalSection
	GlobalSection(ProjectConfigurationPlatforms) = postSolution
		{D0D627F3-8933-40AF-A03C-9173DDADEFF2}.Debug|Any CPU.ActiveCfg = Debug|Any CPU
		{D0D627F3-8933-40AF-A03C-9173DDADEFF2}.Debug|Any CPU.Build.0 = Debug|Any CPU
		{D0D627F3-8933-40AF-A03C-9173DDADEFF2}.Release|Any CPU.ActiveCfg = Release|Any CPU
		{D0D627F3-8933-40AF-A03C-9173DDADEFF2}.Release|Any CPU.Build.0 = Release|Any CPU
		{E56207B7-501D-4FE8-9C6E-95AE2BEDCCB4}.Debug|Any CPU.ActiveCfg = Debug|Any CPU
		{E56207B7-501D-4FE8-9C6E-95AE2BEDCCB4}.Debug|Any CPU.Build.0 = Debug|Any CPU
		{E56207B7-501D-4FE8-9C6E-95AE2BEDCCB4}.Release|Any CPU.ActiveCfg = Release|Any CPU
		{E56207B7-501D-4FE8-9C6E-95AE2BEDCCB4}.Release|Any CPU.Build.0 = Release|Any CPU
		{70093AC7-4F99-4984-81A1-7F16351C0A2C}.Debug|Any CPU.ActiveCfg = Debug|Any CPU
		{70093AC7-4F99-4984-81A1-7F16351C0A2C}.Debug|Any CPU.Build.0 = Debug|Any CPU
		{70093AC7-4F99-4984-81A1-7F16351C0A2C}.Release|Any CPU.ActiveCfg = Release|Any CPU
		{70093AC7-4F99-4984-81A1-7F16351C0A2C}.Release|Any CPU.Build.0 = Release|Any CPU
		{7D456122-95B0-4962-8996-FB7DA4E27B4A}.Debug|Any CPU.ActiveCfg = Debug|Any CPU
		{7D456122-95B0-4962-8996-FB7DA4E27B4A}.Debug|Any CPU.Build.0 = Debug|Any CPU
		{7D456122-95B0-4962-8996-FB7DA4E27B4A}.Release|Any CPU.ActiveCfg = Release|Any CPU
		{7D456122-95B0-4962-8996-FB7DA4E27B4A}.Release|Any CPU.Build.0 = Release|Any CPU
		{44572DF2-D2F7-4CA3-AD18-4DBF98C7D9BC}.Debug|Any CPU.ActiveCfg = Debug|Any CPU
		{44572DF2-D2F7-4CA3-AD18-4DBF98C7D9BC}.Debug|Any CPU.Build.0 = Debug|Any CPU
		{44572DF2-D2F7-4CA3-AD18-4DBF98C7D9BC}.Release|Any CPU.ActiveCfg = Release|Any CPU
		{44572DF2-D2F7-4CA3-AD18-4DBF98C7D9BC}.Release|Any CPU.Build.0 = Release|Any CPU
		{B7AB47B5-C2AC-4D0D-B3B5-E9159AD58EFE}.Debug|Any CPU.ActiveCfg = Debug|Any CPU
		{B7AB47B5-C2AC-4D0D-B3B5-E9159AD58EFE}.Debug|Any CPU.Build.0 = Debug|Any CPU
		{B7AB47B5-C2AC-4D0D-B3B5-E9159AD58EFE}.Release|Any CPU.ActiveCfg = Release|Any CPU
		{B7AB47B5-C2AC-4D0D-B3B5-E9159AD58EFE}.Release|Any CPU.Build.0 = Release|Any CPU
	EndGlobalSection
	GlobalSection(SolutionProperties) = preSolution
		HideSolutionNode = FALSE
	EndGlobalSection
	GlobalSection(NestedProjects) = preSolution
		{82933EA5-28C4-40AC-BA31-96D9EB821AAC} = {B7F770CD-3E0B-44CF-98D4-70E9431E1BDD}
		{3138780D-B8DD-4B82-B3C5-74CE47CFC7BE} = {B7F770CD-3E0B-44CF-98D4-70E9431E1BDD}
		{F886BF32-8731-47D8-9416-4D6B4BFDA83C} = {3138780D-B8DD-4B82-B3C5-74CE47CFC7BE}
		{D87AE5DC-D10C-47E9-9488-C9397A9F9BE2} = {3138780D-B8DD-4B82-B3C5-74CE47CFC7BE}
		{A98235FB-41BC-4BE0-959F-BCE51CDEA395} = {B7F770CD-3E0B-44CF-98D4-70E9431E1BDD}
		{8EB09761-0BC1-48FB-85F8-3A61E528F878} = {B7F770CD-3E0B-44CF-98D4-70E9431E1BDD}
		{D306A94F-0DE9-4583-AC34-EBD35F43B5D2} = {B7F770CD-3E0B-44CF-98D4-70E9431E1BDD}
		{D0D627F3-8933-40AF-A03C-9173DDADEFF2} = {82933EA5-28C4-40AC-BA31-96D9EB821AAC}
		{E56207B7-501D-4FE8-9C6E-95AE2BEDCCB4} = {D87AE5DC-D10C-47E9-9488-C9397A9F9BE2}
		{70093AC7-4F99-4984-81A1-7F16351C0A2C} = {F886BF32-8731-47D8-9416-4D6B4BFDA83C}
		{7D456122-95B0-4962-8996-FB7DA4E27B4A} = {A98235FB-41BC-4BE0-959F-BCE51CDEA395}
		{44572DF2-D2F7-4CA3-AD18-4DBF98C7D9BC} = {8EB09761-0BC1-48FB-85F8-3A61E528F878}
		{B7AB47B5-C2AC-4D0D-B3B5-E9159AD58EFE} = {D306A94F-0DE9-4583-AC34-EBD35F43B5D2}
		{B9FCEFEF-AE99-45AD-A316-9C28B5CA210A} = {8EB09761-0BC1-48FB-85F8-3A61E528F878}
	EndGlobalSection
	GlobalSection(ExtensibilityGlobals) = postSolution
		SolutionGuid = {1ED33DDA-9CB8-45DB-915D-A72E43368552}
	EndGlobalSection
EndGlobal
